
Microsoft Visual Studio Solution File, Format Version 12.00
# Visual Studio Version 16
VisualStudioVersion = 16.0.30330.147
MinimumVisualStudioVersion = 10.0.40219.1
Project("{FAE04EC0-301F-11D3-BF4B-00C04F79EFBC}") = "WAPChat.Server", "WAPChat.Server\WAPChat.Server.csproj", "{AB787399-3A68-4ACF-9724-51BFD088E471}"
EndProject
Project("{FAE04EC0-301F-11D3-BF4B-00C04F79EFBC}") = "WAPChat.WindowsClient", "WAPChat.WindowsClient\WAPChat.WindowsClient.csproj", "{C7B52984-FD2C-41F0-90DE-DFAA8B0ED26A}"
EndProject
Project("{FAE04EC0-301F-11D3-BF4B-00C04F79EFBC}") = "WAPChat.MobileClients.Android", "WAPChat.MobileClients\Android\WAPChat.MobileClients.Android.csproj", "{5F3E3F9D-AFAC-4B12-9CAF-C4D12AE9343C}"
EndProject
Project("{FAE04EC0-301F-11D3-BF4B-00C04F79EFBC}") = "WAPChat.MobileClients.iOS", "WAPChat.MobileClients\iOS\WAPChat.MobileClients.iOS.csproj", "{D9876A3E-292B-4CFD-AE99-A112D839ED6A}"
EndProject
Project("{9A19103F-16F7-4668-BE54-9A1E7A4F7556}") = "WAPChat.MobileClients.Portable", "WAPChat.MobileClients\Portable\WAPChat.MobileClients.Portable.csproj", "{FE74A91A-3653-4A85-B9C1-7AFBEC005A58}"
EndProject
Global
	GlobalSection(SolutionConfigurationPlatforms) = preSolution
		Ad-Hoc|Any CPU = Ad-Hoc|Any CPU
		Ad-Hoc|iPhone = Ad-Hoc|iPhone
		Ad-Hoc|iPhoneSimulator = Ad-Hoc|iPhoneSimulator
		AppStore|Any CPU = AppStore|Any CPU
		AppStore|iPhone = AppStore|iPhone
		AppStore|iPhoneSimulator = AppStore|iPhoneSimulator
		Debug|Any CPU = Debug|Any CPU
		Debug|iPhone = Debug|iPhone
		Debug|iPhoneSimulator = Debug|iPhoneSimulator
		Release|Any CPU = Release|Any CPU
		Release|iPhone = Release|iPhone
		Release|iPhoneSimulator = Release|iPhoneSimulator
	EndGlobalSection
	GlobalSection(ProjectConfigurationPlatforms) = postSolution
		{AB787399-3A68-4ACF-9724-51BFD088E471}.Ad-Hoc|Any CPU.ActiveCfg = Release|Any CPU
		{AB787399-3A68-4ACF-9724-51BFD088E471}.Ad-Hoc|Any CPU.Build.0 = Release|Any CPU
		{AB787399-3A68-4ACF-9724-51BFD088E471}.Ad-Hoc|iPhone.ActiveCfg = Release|Any CPU
		{AB787399-3A68-4ACF-9724-51BFD088E471}.Ad-Hoc|iPhone.Build.0 = Release|Any CPU
		{AB787399-3A68-4ACF-9724-51BFD088E471}.Ad-Hoc|iPhoneSimulator.ActiveCfg = Release|Any CPU
		{AB787399-3A68-4ACF-9724-51BFD088E471}.Ad-Hoc|iPhoneSimulator.Build.0 = Release|Any CPU
		{AB787399-3A68-4ACF-9724-51BFD088E471}.AppStore|Any CPU.ActiveCfg = Release|Any CPU
		{AB787399-3A68-4ACF-9724-51BFD088E471}.AppStore|Any CPU.Build.0 = Release|Any CPU
		{AB787399-3A68-4ACF-9724-51BFD088E471}.AppStore|iPhone.ActiveCfg = Release|Any CPU
		{AB787399-3A68-4ACF-9724-51BFD088E471}.AppStore|iPhone.Build.0 = Release|Any CPU
		{AB787399-3A68-4ACF-9724-51BFD088E471}.AppStore|iPhoneSimulator.ActiveCfg = Release|Any CPU
		{AB787399-3A68-4ACF-9724-51BFD088E471}.AppStore|iPhoneSimulator.Build.0 = Release|Any CPU
		{AB787399-3A68-4ACF-9724-51BFD088E471}.Debug|Any CPU.ActiveCfg = Debug|Any CPU
		{AB787399-3A68-4ACF-9724-51BFD088E471}.Debug|Any CPU.Build.0 = Debug|Any CPU
		{AB787399-3A68-4ACF-9724-51BFD088E471}.Debug|iPhone.ActiveCfg = Debug|Any CPU
		{AB787399-3A68-4ACF-9724-51BFD088E471}.Debug|iPhone.Build.0 = Debug|Any CPU
		{AB787399-3A68-4ACF-9724-51BFD088E471}.Debug|iPhoneSimulator.ActiveCfg = Debug|Any CPU
		{AB787399-3A68-4ACF-9724-51BFD088E471}.Debug|iPhoneSimulator.Build.0 = Debug|Any CPU
		{AB787399-3A68-4ACF-9724-51BFD088E471}.Release|Any CPU.ActiveCfg = Release|Any CPU
		{AB787399-3A68-4ACF-9724-51BFD088E471}.Release|Any CPU.Build.0 = Release|Any CPU
		{AB787399-3A68-4ACF-9724-51BFD088E471}.Release|iPhone.ActiveCfg = Release|Any CPU
		{AB787399-3A68-4ACF-9724-51BFD088E471}.Release|iPhone.Build.0 = Release|Any CPU
		{AB787399-3A68-4ACF-9724-51BFD088E471}.Release|iPhoneSimulator.ActiveCfg = Release|Any CPU
		{AB787399-3A68-4ACF-9724-51BFD088E471}.Release|iPhoneSimulator.Build.0 = Release|Any CPU
		{C7B52984-FD2C-41F0-90DE-DFAA8B0ED26A}.Ad-Hoc|Any CPU.ActiveCfg = Release|Any CPU
		{C7B52984-FD2C-41F0-90DE-DFAA8B0ED26A}.Ad-Hoc|Any CPU.Build.0 = Release|Any CPU
		{C7B52984-FD2C-41F0-90DE-DFAA8B0ED26A}.Ad-Hoc|iPhone.ActiveCfg = Release|Any CPU
		{C7B52984-FD2C-41F0-90DE-DFAA8B0ED26A}.Ad-Hoc|iPhone.Build.0 = Release|Any CPU
		{C7B52984-FD2C-41F0-90DE-DFAA8B0ED26A}.Ad-Hoc|iPhoneSimulator.ActiveCfg = Release|Any CPU
		{C7B52984-FD2C-41F0-90DE-DFAA8B0ED26A}.Ad-Hoc|iPhoneSimulator.Build.0 = Release|Any CPU
		{C7B52984-FD2C-41F0-90DE-DFAA8B0ED26A}.AppStore|Any CPU.ActiveCfg = Release|Any CPU
		{C7B52984-FD2C-41F0-90DE-DFAA8B0ED26A}.AppStore|Any CPU.Build.0 = Release|Any CPU
		{C7B52984-FD2C-41F0-90DE-DFAA8B0ED26A}.AppStore|iPhone.ActiveCfg = Release|Any CPU
		{C7B52984-FD2C-41F0-90DE-DFAA8B0ED26A}.AppStore|iPhone.Build.0 = Release|Any CPU
		{C7B52984-FD2C-41F0-90DE-DFAA8B0ED26A}.AppStore|iPhoneSimulator.ActiveCfg = Release|Any CPU
		{C7B52984-FD2C-41F0-90DE-DFAA8B0ED26A}.AppStore|iPhoneSimulator.Build.0 = Release|Any CPU
		{C7B52984-FD2C-41F0-90DE-DFAA8B0ED26A}.Debug|Any CPU.ActiveCfg = Debug|Any CPU
		{C7B52984-FD2C-41F0-90DE-DFAA8B0ED26A}.Debug|Any CPU.Build.0 = Debug|Any CPU
		{C7B52984-FD2C-41F0-90DE-DFAA8B0ED26A}.Debug|iPhone.ActiveCfg = Debug|Any CPU
		{C7B52984-FD2C-41F0-90DE-DFAA8B0ED26A}.Debug|iPhone.Build.0 = Debug|Any CPU
		{C7B52984-FD2C-41F0-90DE-DFAA8B0ED26A}.Debug|iPhoneSimulator.ActiveCfg = Debug|Any CPU
		{C7B52984-FD2C-41F0-90DE-DFAA8B0ED26A}.Debug|iPhoneSimulator.Build.0 = Debug|Any CPU
		{C7B52984-FD2C-41F0-90DE-DFAA8B0ED26A}.Release|Any CPU.ActiveCfg = Release|Any CPU
		{C7B52984-FD2C-41F0-90DE-DFAA8B0ED26A}.Release|Any CPU.Build.0 = Release|Any CPU
		{C7B52984-FD2C-41F0-90DE-DFAA8B0ED26A}.Release|iPhone.ActiveCfg = Release|Any CPU
		{C7B52984-FD2C-41F0-90DE-DFAA8B0ED26A}.Release|iPhone.Build.0 = Release|Any CPU
		{C7B52984-FD2C-41F0-90DE-DFAA8B0ED26A}.Release|iPhoneSimulator.ActiveCfg = Release|Any CPU
		{C7B52984-FD2C-41F0-90DE-DFAA8B0ED26A}.Release|iPhoneSimulator.Build.0 = Release|Any CPU
		{5F3E3F9D-AFAC-4B12-9CAF-C4D12AE9343C}.Ad-Hoc|Any CPU.ActiveCfg = Release|Any CPU
		{5F3E3F9D-AFAC-4B12-9CAF-C4D12AE9343C}.Ad-Hoc|Any CPU.Build.0 = Release|Any CPU
		{5F3E3F9D-AFAC-4B12-9CAF-C4D12AE9343C}.Ad-Hoc|Any CPU.Deploy.0 = Release|Any CPU
		{5F3E3F9D-AFAC-4B12-9CAF-C4D12AE9343C}.Ad-Hoc|iPhone.ActiveCfg = Release|Any CPU
		{5F3E3F9D-AFAC-4B12-9CAF-C4D12AE9343C}.Ad-Hoc|iPhone.Build.0 = Release|Any CPU
		{5F3E3F9D-AFAC-4B12-9CAF-C4D12AE9343C}.Ad-Hoc|iPhone.Deploy.0 = Release|Any CPU
		{5F3E3F9D-AFAC-4B12-9CAF-C4D12AE9343C}.Ad-Hoc|iPhoneSimulator.ActiveCfg = Release|Any CPU
		{5F3E3F9D-AFAC-4B12-9CAF-C4D12AE9343C}.Ad-Hoc|iPhoneSimulator.Build.0 = Release|Any CPU
		{5F3E3F9D-AFAC-4B12-9CAF-C4D12AE9343C}.Ad-Hoc|iPhoneSimulator.Deploy.0 = Release|Any CPU
		{5F3E3F9D-AFAC-4B12-9CAF-C4D12AE9343C}.AppStore|Any CPU.ActiveCfg = Release|Any CPU
		{5F3E3F9D-AFAC-4B12-9CAF-C4D12AE9343C}.AppStore|Any CPU.Build.0 = Release|Any CPU
		{5F3E3F9D-AFAC-4B12-9CAF-C4D12AE9343C}.AppStore|Any CPU.Deploy.0 = Release|Any CPU
		{5F3E3F9D-AFAC-4B12-9CAF-C4D12AE9343C}.AppStore|iPhone.ActiveCfg = Release|Any CPU
		{5F3E3F9D-AFAC-4B12-9CAF-C4D12AE9343C}.AppStore|iPhone.Build.0 = Release|Any CPU
		{5F3E3F9D-AFAC-4B12-9CAF-C4D12AE9343C}.AppStore|iPhone.Deploy.0 = Release|Any CPU
		{5F3E3F9D-AFAC-4B12-9CAF-C4D12AE9343C}.AppStore|iPhoneSimulator.ActiveCfg = Release|Any CPU
		{5F3E3F9D-AFAC-4B12-9CAF-C4D12AE9343C}.AppStore|iPhoneSimulator.Build.0 = Release|Any CPU
		{5F3E3F9D-AFAC-4B12-9CAF-C4D12AE9343C}.AppStore|iPhoneSimulator.Deploy.0 = Release|Any CPU
		{5F3E3F9D-AFAC-4B12-9CAF-C4D12AE9343C}.Debug|Any CPU.ActiveCfg = Debug|Any CPU
		{5F3E3F9D-AFAC-4B12-9CAF-C4D12AE9343C}.Debug|Any CPU.Build.0 = Debug|Any CPU
		{5F3E3F9D-AFAC-4B12-9CAF-C4D12AE9343C}.Debug|Any CPU.Deploy.0 = Debug|Any CPU
		{5F3E3F9D-AFAC-4B12-9CAF-C4D12AE9343C}.Debug|iPhone.ActiveCfg = Debug|Any CPU
		{5F3E3F9D-AFAC-4B12-9CAF-C4D12AE9343C}.Debug|iPhone.Build.0 = Debug|Any CPU
		{5F3E3F9D-AFAC-4B12-9CAF-C4D12AE9343C}.Debug|iPhone.Deploy.0 = Debug|Any CPU
		{5F3E3F9D-AFAC-4B12-9CAF-C4D12AE9343C}.Debug|iPhoneSimulator.ActiveCfg = Debug|Any CPU
		{5F3E3F9D-AFAC-4B12-9CAF-C4D12AE9343C}.Debug|iPhoneSimulator.Build.0 = Debug|Any CPU
		{5F3E3F9D-AFAC-4B12-9CAF-C4D12AE9343C}.Debug|iPhoneSimulator.Deploy.0 = Debug|Any CPU
		{5F3E3F9D-AFAC-4B12-9CAF-C4D12AE9343C}.Release|Any CPU.ActiveCfg = Release|Any CPU
		{5F3E3F9D-AFAC-4B12-9CAF-C4D12AE9343C}.Release|Any CPU.Build.0 = Release|Any CPU
		{5F3E3F9D-AFAC-4B12-9CAF-C4D12AE9343C}.Release|Any CPU.Deploy.0 = Release|Any CPU
		{5F3E3F9D-AFAC-4B12-9CAF-C4D12AE9343C}.Release|iPhone.ActiveCfg = Release|Any CPU
		{5F3E3F9D-AFAC-4B12-9CAF-C4D12AE9343C}.Release|iPhone.Build.0 = Release|Any CPU
		{5F3E3F9D-AFAC-4B12-9CAF-C4D12AE9343C}.Release|iPhone.Deploy.0 = Release|Any CPU
		{5F3E3F9D-AFAC-4B12-9CAF-C4D12AE9343C}.Release|iPhoneSimulator.ActiveCfg = Release|Any CPU
		{5F3E3F9D-AFAC-4B12-9CAF-C4D12AE9343C}.Release|iPhoneSimulator.Build.0 = Release|Any CPU
		{5F3E3F9D-AFAC-4B12-9CAF-C4D12AE9343C}.Release|iPhoneSimulator.Deploy.0 = Release|Any CPU
		{D9876A3E-292B-4CFD-AE99-A112D839ED6A}.Ad-Hoc|Any CPU.ActiveCfg = Ad-Hoc|iPhone
		{D9876A3E-292B-4CFD-AE99-A112D839ED6A}.Ad-Hoc|iPhone.ActiveCfg = Ad-Hoc|iPhone
		{D9876A3E-292B-4CFD-AE99-A112D839ED6A}.Ad-Hoc|iPhone.Build.0 = Ad-Hoc|iPhone
		{D9876A3E-292B-4CFD-AE99-A112D839ED6A}.Ad-Hoc|iPhoneSimulator.ActiveCfg = Ad-Hoc|iPhoneSimulator
		{D9876A3E-292B-4CFD-AE99-A112D839ED6A}.Ad-Hoc|iPhoneSimulator.Build.0 = Ad-Hoc|iPhoneSimulator
		{D9876A3E-292B-4CFD-AE99-A112D839ED6A}.AppStore|Any CPU.ActiveCfg = AppStore|iPhone
		{D9876A3E-292B-4CFD-AE99-A112D839ED6A}.AppStore|iPhone.ActiveCfg = AppStore|iPhone
		{D9876A3E-292B-4CFD-AE99-A112D839ED6A}.AppStore|iPhone.Build.0 = AppStore|iPhone
		{D9876A3E-292B-4CFD-AE99-A112D839ED6A}.AppStore|iPhoneSimulator.ActiveCfg = AppStore|iPhoneSimulator
		{D9876A3E-292B-4CFD-AE99-A112D839ED6A}.AppStore|iPhoneSimulator.Build.0 = AppStore|iPhoneSimulator
		{D9876A3E-292B-4CFD-AE99-A112D839ED6A}.Debug|Any CPU.ActiveCfg = Debug|iPhone
		{D9876A3E-292B-4CFD-AE99-A112D839ED6A}.Debug|iPhone.ActiveCfg = Debug|iPhone
		{D9876A3E-292B-4CFD-AE99-A112D839ED6A}.Debug|iPhone.Build.0 = Debug|iPhone
		{D9876A3E-292B-4CFD-AE99-A112D839ED6A}.Debug|iPhoneSimulator.ActiveCfg = Debug|iPhoneSimulator
		{D9876A3E-292B-4CFD-AE99-A112D839ED6A}.Debug|iPhoneSimulator.Build.0 = Debug|iPhoneSimulator
		{D9876A3E-292B-4CFD-AE99-A112D839ED6A}.Release|Any CPU.ActiveCfg = Release|iPhone
		{D9876A3E-292B-4CFD-AE99-A112D839ED6A}.Release|iPhone.ActiveCfg = Release|iPhone
		{D9876A3E-292B-4CFD-AE99-A112D839ED6A}.Release|iPhone.Build.0 = Release|iPhone
		{D9876A3E-292B-4CFD-AE99-A112D839ED6A}.Release|iPhoneSimulator.ActiveCfg = Release|iPhoneSimulator
		{D9876A3E-292B-4CFD-AE99-A112D839ED6A}.Release|iPhoneSimulator.Build.0 = Release|iPhoneSimulator
		{FE74A91A-3653-4A85-B9C1-7AFBEC005A58}.Ad-Hoc|Any CPU.ActiveCfg = Debug|Any CPU
		{FE74A91A-3653-4A85-B9C1-7AFBEC005A58}.Ad-Hoc|Any CPU.Build.0 = Debug|Any CPU
		{FE74A91A-3653-4A85-B9C1-7AFBEC005A58}.Ad-Hoc|iPhone.ActiveCfg = Debug|Any CPU
		{FE74A91A-3653-4A85-B9C1-7AFBEC005A58}.Ad-Hoc|iPhone.Build.0 = Debug|Any CPU
		{FE74A91A-3653-4A85-B9C1-7AFBEC005A58}.Ad-Hoc|iPhoneSimulator.ActiveCfg = Debug|Any CPU
		{FE74A91A-3653-4A85-B9C1-7AFBEC005A58}.Ad-Hoc|iPhoneSimulator.Build.0 = Debug|Any CPU
		{FE74A91A-3653-4A85-B9C1-7AFBEC005A58}.AppStore|Any CPU.ActiveCfg = Debug|Any CPU
		{FE74A91A-3653-4A85-B9C1-7AFBEC005A58}.AppStore|Any CPU.Build.0 = Debug|Any CPU
		{FE74A91A-3653-4A85-B9C1-7AFBEC005A58}.AppStore|iPhone.ActiveCfg = Debug|Any CPU
		{FE74A91A-3653-4A85-B9C1-7AFBEC005A58}.AppStore|iPhone.Build.0 = Debug|Any CPU
		{FE74A91A-3653-4A85-B9C1-7AFBEC005A58}.AppStore|iPhoneSimulator.ActiveCfg = Debug|Any CPU
		{FE74A91A-3653-4A85-B9C1-7AFBEC005A58}.AppStore|iPhoneSimulator.Build.0 = Debug|Any CPU
		{FE74A91A-3653-4A85-B9C1-7AFBEC005A58}.Debug|Any CPU.ActiveCfg = Debug|Any CPU
		{FE74A91A-3653-4A85-B9C1-7AFBEC005A58}.Debug|Any CPU.Build.0 = Debug|Any CPU
		{FE74A91A-3653-4A85-B9C1-7AFBEC005A58}.Debug|iPhone.ActiveCfg = Debug|Any CPU
		{FE74A91A-3653-4A85-B9C1-7AFBEC005A58}.Debug|iPhone.Build.0 = Debug|Any CPU
		{FE74A91A-3653-4A85-B9C1-7AFBEC005A58}.Debug|iPhoneSimulator.ActiveCfg = Debug|Any CPU
		{FE74A91A-3653-4A85-B9C1-7AFBEC005A58}.Debug|iPhoneSimulator.Build.0 = Debug|Any CPU
		{FE74A91A-3653-4A85-B9C1-7AFBEC005A58}.Release|Any CPU.ActiveCfg = Release|Any CPU
		{FE74A91A-3653-4A85-B9C1-7AFBEC005A58}.Release|Any CPU.Build.0 = Release|Any CPU
		{FE74A91A-3653-4A85-B9C1-7AFBEC005A58}.Release|iPhone.ActiveCfg = Release|Any CPU
		{FE74A91A-3653-4A85-B9C1-7AFBEC005A58}.Release|iPhone.Build.0 = Release|Any CPU
		{FE74A91A-3653-4A85-B9C1-7AFBEC005A58}.Release|iPhoneSimulator.ActiveCfg = Release|Any CPU
		{FE74A91A-3653-4A85-B9C1-7AFBEC005A58}.Release|iPhoneSimulator.Build.0 = Release|Any CPU
	EndGlobalSection
	GlobalSection(SolutionProperties) = preSolution
		HideSolutionNode = FALSE
	EndGlobalSection
	GlobalSection(ExtensibilityGlobals) = postSolution
		SolutionGuid = {2E4BF30A-899B-4625-8612-1925B4F43200}
	EndGlobalSection
EndGlobal
